
Microsoft Visual Studio Solution File, Format Version 12.00
# Visual Studio Version 16
VisualStudioVersion = 16.0.30517.126
MinimumVisualStudioVersion = 10.0.40219.1
Project("{FAE04EC0-301F-11D3-BF4B-00C04F79EFBC}") = "Assesment1_mock up", "Assesment1_mock up\Assesment1_mock up.csproj", "{B1CD1F36-CD3B-474B-9344-CE989951193C}"
EndProject
Global
	GlobalSection(SolutionConfigurationPlatforms) = preSolution
		Debug|Any CPU = Debug|Any CPU
		Release|Any CPU = Release|Any CPU
	EndGlobalSection
	GlobalSection(ProjectConfigurationPlatforms) = postSolution
		{B1CD1F36-CD3B-474B-9344-CE989951193C}.Debug|Any CPU.ActiveCfg = Debug|Any CPU
		{B1CD1F36-CD3B-474B-9344-CE989951193C}.Debug|Any CPU.Build.0 = Debug|Any CPU
		{B1CD1F36-CD3B-474B-9344-CE989951193C}.Release|Any CPU.ActiveCfg = Release|Any CPU
		{B1CD1F36-CD3B-474B-9344-CE989951193C}.Release|Any CPU.Build.0 = Release|Any CPU
	EndGlobalSection
	GlobalSection(SolutionProperties) = preSolution
		HideSolutionNode = FALSE
	EndGlobalSection
	GlobalSection(ExtensibilityGlobals) = postSolution
		SolutionGuid = {C5B0E20B-4E4B-4D33-83E7-A87F83B12321}
	EndGlobalSection
EndGlobal
